
Microsoft Visual Studio Solution File, Format Version 12.00
# Visual Studio Version 17
VisualStudioVersion = 17.2.32616.157
MinimumVisualStudioVersion = 10.0.40219.1
Project("{2150E333-8FDC-42A3-9474-1A3956D46DE8}") = "src", "src", "{399696F7-5CA8-485C-976E-EFF565F63A02}"
EndProject
Project("{2150E333-8FDC-42A3-9474-1A3956D46DE8}") = "Apis", "Apis", "{F731CBD0-A8B1-4FA3-B50E-269A8A65E838}"
EndProject
Project("{9A19103F-16F7-4668-BE54-9A1E7A4F7556}") = "PaymentHub.Gateway.Api", "src\PaymentHub.Gateway.Api\PaymentHub.Gateway.Api.csproj", "{C8B9E11D-7C39-4DBE-B0B6-70F7CCD6992A}"
EndProject
Project("{2150E333-8FDC-42A3-9474-1A3956D46DE8}") = "Infra", "Infra", "{59B2BE14-2EBE-41EB-A489-526EDB09674A}"
EndProject
Project("{2150E333-8FDC-42A3-9474-1A3956D46DE8}") = "Core", "Core", "{4F004897-B786-4610-B7FC-F8C12A685145}"
EndProject
Project("{9A19103F-16F7-4668-BE54-9A1E7A4F7556}") = "PaymentHub.Gateway.Infra", "src\PaymentHub.Gateway.Infra\PaymentHub.Gateway.Infra.csproj", "{38D9DF25-A41C-400C-A8DF-42C9A41D399B}"
EndProject
Project("{9A19103F-16F7-4668-BE54-9A1E7A4F7556}") = "PaymentHub.PagSeguro.Api", "src\PaymentHub.PagSeguro.Api\PaymentHub.PagSeguro.Api.csproj", "{8A6A39CC-0E1F-4A45-9600-D62444759B85}"
EndProject
Project("{9A19103F-16F7-4668-BE54-9A1E7A4F7556}") = "PaymentHub.PagSeguro.Infra", "src\PaymentHub.PagSeguro.Infra\PaymentHub.PagSeguro.Infra.csproj", "{09CCF0CF-EF40-4525-8D4F-A37B2740C0D9}"
EndProject
Project("{2150E333-8FDC-42A3-9474-1A3956D46DE8}") = "Application", "Application", "{076C2C3C-5872-4814-9EB8-B96B41311213}"
EndProject
Project("{9A19103F-16F7-4668-BE54-9A1E7A4F7556}") = "PaymentHub.PagSeguro.Application", "src\PaymentHub.PagSeguro.Application\PaymentHub.PagSeguro.Application.csproj", "{73636221-FDF4-4FF5-872E-53E38DD9CB49}"
EndProject
Project("{9A19103F-16F7-4668-BE54-9A1E7A4F7556}") = "PaymentHub.Core", "src\PaymentHub.Core\PaymentHub.Core.csproj", "{197825DC-4D28-4466-A27A-32EFA964E173}"
EndProject
Project("{9A19103F-16F7-4668-BE54-9A1E7A4F7556}") = "PaymentHub.Gateway.Application", "src\PaymentHub.Gateway.Application\PaymentHub.Gateway.Application.csproj", "{EA33EB8E-A543-492E-B90F-20C66F150D3C}"
EndProject
Project("{9A19103F-16F7-4668-BE54-9A1E7A4F7556}") = "PaymentHub.Getnet.Api", "src\PaymentHub.Getnet.Api\PaymentHub.Getnet.Api.csproj", "{96E00E74-2E7A-407C-9070-31BC0AB3F601}"
EndProject
Project("{9A19103F-16F7-4668-BE54-9A1E7A4F7556}") = "PaymentHub.Getnet.Infra", "src\PaymentHub.Getnet.Infra\PaymentHub.Getnet.Infra.csproj", "{64097D82-DAAE-4991-A0D4-A407418E3F26}"
EndProject
Project("{9A19103F-16F7-4668-BE54-9A1E7A4F7556}") = "PaymentHub.Getnet.Application", "src\PaymentHub.Getnet.Application\PaymentHub.Getnet.Application.csproj", "{4F195BC6-FBA5-4507-8692-37010012D4DC}"
EndProject
Project("{FAE04EC0-301F-11D3-BF4B-00C04F79EFBC}") = "PaymentHub.Ame.Infra", "src\PaymentHub.Ame.Infra\PaymentHub.Ame.Infra.csproj", "{1814C536-320F-43B3-849F-0DB397B1763F}"
EndProject
Project("{FAE04EC0-301F-11D3-BF4B-00C04F79EFBC}") = "PaymentHub.Ame.Application", "src\PaymentHub.Ame.Application\PaymentHub.Ame.Application.csproj", "{0B1D02EC-00AE-4EBF-995F-65E6B85A383B}"
EndProject
Global
	GlobalSection(SolutionConfigurationPlatforms) = preSolution
		Debug|Any CPU = Debug|Any CPU
		Release|Any CPU = Release|Any CPU
	EndGlobalSection
	GlobalSection(ProjectConfigurationPlatforms) = postSolution
		{C8B9E11D-7C39-4DBE-B0B6-70F7CCD6992A}.Debug|Any CPU.ActiveCfg = Debug|Any CPU
		{C8B9E11D-7C39-4DBE-B0B6-70F7CCD6992A}.Debug|Any CPU.Build.0 = Debug|Any CPU
		{C8B9E11D-7C39-4DBE-B0B6-70F7CCD6992A}.Release|Any CPU.ActiveCfg = Release|Any CPU
		{C8B9E11D-7C39-4DBE-B0B6-70F7CCD6992A}.Release|Any CPU.Build.0 = Release|Any CPU
		{38D9DF25-A41C-400C-A8DF-42C9A41D399B}.Debug|Any CPU.ActiveCfg = Debug|Any CPU
		{38D9DF25-A41C-400C-A8DF-42C9A41D399B}.Debug|Any CPU.Build.0 = Debug|Any CPU
		{38D9DF25-A41C-400C-A8DF-42C9A41D399B}.Release|Any CPU.ActiveCfg = Release|Any CPU
		{38D9DF25-A41C-400C-A8DF-42C9A41D399B}.Release|Any CPU.Build.0 = Release|Any CPU
		{8A6A39CC-0E1F-4A45-9600-D62444759B85}.Debug|Any CPU.ActiveCfg = Debug|Any CPU
		{8A6A39CC-0E1F-4A45-9600-D62444759B85}.Debug|Any CPU.Build.0 = Debug|Any CPU
		{8A6A39CC-0E1F-4A45-9600-D62444759B85}.Release|Any CPU.ActiveCfg = Release|Any CPU
		{8A6A39CC-0E1F-4A45-9600-D62444759B85}.Release|Any CPU.Build.0 = Release|Any CPU
		{09CCF0CF-EF40-4525-8D4F-A37B2740C0D9}.Debug|Any CPU.ActiveCfg = Debug|Any CPU
		{09CCF0CF-EF40-4525-8D4F-A37B2740C0D9}.Debug|Any CPU.Build.0 = Debug|Any CPU
		{09CCF0CF-EF40-4525-8D4F-A37B2740C0D9}.Release|Any CPU.ActiveCfg = Release|Any CPU
		{09CCF0CF-EF40-4525-8D4F-A37B2740C0D9}.Release|Any CPU.Build.0 = Release|Any CPU
		{73636221-FDF4-4FF5-872E-53E38DD9CB49}.Debug|Any CPU.ActiveCfg = Debug|Any CPU
		{73636221-FDF4-4FF5-872E-53E38DD9CB49}.Debug|Any CPU.Build.0 = Debug|Any CPU
		{73636221-FDF4-4FF5-872E-53E38DD9CB49}.Release|Any CPU.ActiveCfg = Release|Any CPU
		{73636221-FDF4-4FF5-872E-53E38DD9CB49}.Release|Any CPU.Build.0 = Release|Any CPU
		{197825DC-4D28-4466-A27A-32EFA964E173}.Debug|Any CPU.ActiveCfg = Debug|Any CPU
		{197825DC-4D28-4466-A27A-32EFA964E173}.Debug|Any CPU.Build.0 = Debug|Any CPU
		{197825DC-4D28-4466-A27A-32EFA964E173}.Release|Any CPU.ActiveCfg = Release|Any CPU
		{197825DC-4D28-4466-A27A-32EFA964E173}.Release|Any CPU.Build.0 = Release|Any CPU
		{EA33EB8E-A543-492E-B90F-20C66F150D3C}.Debug|Any CPU.ActiveCfg = Debug|Any CPU
		{EA33EB8E-A543-492E-B90F-20C66F150D3C}.Debug|Any CPU.Build.0 = Debug|Any CPU
		{EA33EB8E-A543-492E-B90F-20C66F150D3C}.Release|Any CPU.ActiveCfg = Release|Any CPU
		{EA33EB8E-A543-492E-B90F-20C66F150D3C}.Release|Any CPU.Build.0 = Release|Any CPU
		{96E00E74-2E7A-407C-9070-31BC0AB3F601}.Debug|Any CPU.ActiveCfg = Debug|Any CPU
		{96E00E74-2E7A-407C-9070-31BC0AB3F601}.Debug|Any CPU.Build.0 = Debug|Any CPU
		{96E00E74-2E7A-407C-9070-31BC0AB3F601}.Release|Any CPU.ActiveCfg = Release|Any CPU
		{96E00E74-2E7A-407C-9070-31BC0AB3F601}.Release|Any CPU.Build.0 = Release|Any CPU
		{64097D82-DAAE-4991-A0D4-A407418E3F26}.Debug|Any CPU.ActiveCfg = Debug|Any CPU
		{64097D82-DAAE-4991-A0D4-A407418E3F26}.Debug|Any CPU.Build.0 = Debug|Any CPU
		{64097D82-DAAE-4991-A0D4-A407418E3F26}.Release|Any CPU.ActiveCfg = Release|Any CPU
		{64097D82-DAAE-4991-A0D4-A407418E3F26}.Release|Any CPU.Build.0 = Release|Any CPU
		{4F195BC6-FBA5-4507-8692-37010012D4DC}.Debug|Any CPU.ActiveCfg = Debug|Any CPU
		{4F195BC6-FBA5-4507-8692-37010012D4DC}.Debug|Any CPU.Build.0 = Debug|Any CPU
		{4F195BC6-FBA5-4507-8692-37010012D4DC}.Release|Any CPU.ActiveCfg = Release|Any CPU
		{4F195BC6-FBA5-4507-8692-37010012D4DC}.Release|Any CPU.Build.0 = Release|Any CPU
		{1814C536-320F-43B3-849F-0DB397B1763F}.Debug|Any CPU.ActiveCfg = Debug|Any CPU
		{1814C536-320F-43B3-849F-0DB397B1763F}.Debug|Any CPU.Build.0 = Debug|Any CPU
		{1814C536-320F-43B3-849F-0DB397B1763F}.Release|Any CPU.ActiveCfg = Release|Any CPU
		{1814C536-320F-43B3-849F-0DB397B1763F}.Release|Any CPU.Build.0 = Release|Any CPU
		{0B1D02EC-00AE-4EBF-995F-65E6B85A383B}.Debug|Any CPU.ActiveCfg = Debug|Any CPU
		{0B1D02EC-00AE-4EBF-995F-65E6B85A383B}.Debug|Any CPU.Build.0 = Debug|Any CPU
		{0B1D02EC-00AE-4EBF-995F-65E6B85A383B}.Release|Any CPU.ActiveCfg = Release|Any CPU
		{0B1D02EC-00AE-4EBF-995F-65E6B85A383B}.Release|Any CPU.Build.0 = Release|Any CPU
	EndGlobalSection
	GlobalSection(SolutionProperties) = preSolution
		HideSolutionNode = FALSE
	EndGlobalSection
	GlobalSection(NestedProjects) = preSolution
		{F731CBD0-A8B1-4FA3-B50E-269A8A65E838} = {399696F7-5CA8-485C-976E-EFF565F63A02}
		{C8B9E11D-7C39-4DBE-B0B6-70F7CCD6992A} = {F731CBD0-A8B1-4FA3-B50E-269A8A65E838}
		{59B2BE14-2EBE-41EB-A489-526EDB09674A} = {399696F7-5CA8-485C-976E-EFF565F63A02}
		{4F004897-B786-4610-B7FC-F8C12A685145} = {399696F7-5CA8-485C-976E-EFF565F63A02}
		{38D9DF25-A41C-400C-A8DF-42C9A41D399B} = {59B2BE14-2EBE-41EB-A489-526EDB09674A}
		{8A6A39CC-0E1F-4A45-9600-D62444759B85} = {F731CBD0-A8B1-4FA3-B50E-269A8A65E838}
		{09CCF0CF-EF40-4525-8D4F-A37B2740C0D9} = {59B2BE14-2EBE-41EB-A489-526EDB09674A}
		{076C2C3C-5872-4814-9EB8-B96B41311213} = {399696F7-5CA8-485C-976E-EFF565F63A02}
		{73636221-FDF4-4FF5-872E-53E38DD9CB49} = {076C2C3C-5872-4814-9EB8-B96B41311213}
		{197825DC-4D28-4466-A27A-32EFA964E173} = {4F004897-B786-4610-B7FC-F8C12A685145}
		{EA33EB8E-A543-492E-B90F-20C66F150D3C} = {076C2C3C-5872-4814-9EB8-B96B41311213}
		{96E00E74-2E7A-407C-9070-31BC0AB3F601} = {F731CBD0-A8B1-4FA3-B50E-269A8A65E838}
		{64097D82-DAAE-4991-A0D4-A407418E3F26} = {59B2BE14-2EBE-41EB-A489-526EDB09674A}
		{4F195BC6-FBA5-4507-8692-37010012D4DC} = {076C2C3C-5872-4814-9EB8-B96B41311213}
		{1814C536-320F-43B3-849F-0DB397B1763F} = {59B2BE14-2EBE-41EB-A489-526EDB09674A}
		{0B1D02EC-00AE-4EBF-995F-65E6B85A383B} = {076C2C3C-5872-4814-9EB8-B96B41311213}
	EndGlobalSection
	GlobalSection(ExtensibilityGlobals) = postSolution
		SolutionGuid = {AA597656-F036-4742-8520-0CD399EFD91C}
	EndGlobalSection
EndGlobal
